
Microsoft Visual Studio Solution File, Format Version 11.00
# Visual Studio 2010
Project("{8BC9CEB8-8B4A-11D0-8D11-00A0C91BC942}") = "ConDemo", "ConDemo\ConDemo.vcxproj", "{735537F0-329F-49C7-9121-AD724B89FAC5}"
EndProject
Project("{8BC9CEB8-8B4A-11D0-8D11-00A0C91BC942}") = "ConLib", "ConLib\ConLib.vcxproj", "{8C680DFA-23D6-423C-9290-7649BC5DA99D}"
EndProject
Global
	GlobalSection(SolutionConfigurationPlatforms) = preSolution
		Debug|Win32 = Debug|Win32
		Release StaticCRT|Win32 = Release StaticCRT|Win32
		Release|Win32 = Release|Win32
	EndGlobalSection
	GlobalSection(ProjectConfigurationPlatforms) = postSolution
		{735537F0-329F-49C7-9121-AD724B89FAC5}.Debug|Win32.ActiveCfg = Debug|Win32
		{735537F0-329F-49C7-9121-AD724B89FAC5}.Debug|Win32.Build.0 = Debug|Win32
		{735537F0-329F-49C7-9121-AD724B89FAC5}.Release StaticCRT|Win32.ActiveCfg = Release StaticCRT|Win32
		{735537F0-329F-49C7-9121-AD724B89FAC5}.Release StaticCRT|Win32.Build.0 = Release StaticCRT|Win32
		{735537F0-329F-49C7-9121-AD724B89FAC5}.Release|Win32.ActiveCfg = Release|Win32
		{735537F0-329F-49C7-9121-AD724B89FAC5}.Release|Win32.Build.0 = Release|Win32
		{8C680DFA-23D6-423C-9290-7649BC5DA99D}.Debug|Win32.ActiveCfg = Debug|Win32
		{8C680DFA-23D6-423C-9290-7649BC5DA99D}.Debug|Win32.Build.0 = Debug|Win32
		{8C680DFA-23D6-423C-9290-7649BC5DA99D}.Release StaticCRT|Win32.ActiveCfg = Release StaticCRT|Win32
		{8C680DFA-23D6-423C-9290-7649BC5DA99D}.Release StaticCRT|Win32.Build.0 = Release StaticCRT|Win32
		{8C680DFA-23D6-423C-9290-7649BC5DA99D}.Release|Win32.ActiveCfg = Release|Win32
		{8C680DFA-23D6-423C-9290-7649BC5DA99D}.Release|Win32.Build.0 = Release|Win32
	EndGlobalSection
	GlobalSection(SolutionProperties) = preSolution
		HideSolutionNode = FALSE
	EndGlobalSection
EndGlobal
